PODS:
  - CocoaAsyncSocket (7.6.3)
  - Eureka (4.3.1)
  - KeychainSwift (13.0.0)
  - SwiftGen (6.1.0)

DEPENDENCIES:
  - CocoaAsyncSocket
  - Eureka
  - KeychainSwift
  - SwiftGen (~> 6.0)

SPEC REPOS:
  https://github.com/cocoapods/specs.git:
    - CocoaAsyncSocket
    - Eureka
    - KeychainSwift
    - SwiftGen

SPEC CHECKSUMS:
  CocoaAsyncSocket: eafaa68a7e0ec99ead0a7b35015e0bf25d2c8987
  Eureka: 28ea296f06710f6745266b71f17862048941a32d
  KeychainSwift: 23d6c16cbc33f20fafa30c3d783241b4b87d998c
  SwiftGen: f872ca75cbd17bf7103c17f13dcfa0d9a15667b0

PODFILE CHECKSUM: 4de51fb3283f78c7e1a6d2d3194de33a0f9db14a

COCOAPODS: 1.5.3
