PODS:
  - Eureka (5.2.1)
  - Instructions (1.4.0)
  - KeychainSwift (19.0.0)
  - SwiftGen (6.1.0)

DEPENDENCIES:
  - Eureka
  - Instructions
  - KeychainSwift
  - SwiftGen (~> 6.0)

SPEC REPOS:
  trunk:
    - Eureka
    - Instructions
    - KeychainSwift
    - SwiftGen

SPEC CHECKSUMS:
  Eureka: c883105488e05bc65539f583246ecf9657cabbfe
  Instructions: 8986424854e99640665a82cfe56852c52a0c5bdf
  KeychainSwift: a06190cf933ad46b1e0abc3d77d29c06331715c7
  SwiftGen: f872ca75cbd17bf7103c17f13dcfa0d9a15667b0

PODFILE CHECKSUM: 1615c811abcee9b3afa6f56db9e44181080576bd

COCOAPODS: 1.9.3
