// !$*UTF8*$!
{
	archiveVersion = 1;
	classes = {
	};
	objectVersion = 51;
	objects = {

/* Begin PBXBuildFile section */
		424B46A0A7D4A890E9EE5FDA /* Pods_ZodiakCamera.framework in Frameworks */ = {isa = PBXBuildFile; fileRef = 7068A07341DE977E61A05851 /* Pods_ZodiakCamera.framework */; };
		88212AE7244B235D0029F6EA /* PinView.swift in Sources */ = {isa = PBXBuildFile; fileRef = 88212AE6244B235D0029F6EA /* PinView.swift */; };
		88212AE9244B23840029F6EA /* DotView.swift in Sources */ = {isa = PBXBuildFile; fileRef = 88212AE8244B23840029F6EA /* DotView.swift */; };
		88212AEB244B23A10029F6EA /* NumberView.swift in Sources */ = {isa = PBXBuildFile; fileRef = 88212AEA244B23A10029F6EA /* NumberView.swift */; };
		88212AED244B23E70029F6EA /* AuthModel.swift in Sources */ = {isa = PBXBuildFile; fileRef = 88212AEC244B23E70029F6EA /* AuthModel.swift */; };
		88212AF3244B25E30029F6EA /* PinStorage.swift in Sources */ = {isa = PBXBuildFile; fileRef = 88212AF2244B25E30029F6EA /* PinStorage.swift */; };
		88C5B4E72451DB37004475C0 /* AppCoordinator.swift in Sources */ = {isa = PBXBuildFile; fileRef = 88C5B4E62451DB37004475C0 /* AppCoordinator.swift */; };
		88C5B4E92451DB6B004475C0 /* ControllerFactory.swift in Sources */ = {isa = PBXBuildFile; fileRef = 88C5B4E82451DB6B004475C0 /* ControllerFactory.swift */; };
		88F04DCB24391B8400F96427 /* BioMetricAuthenticator.swift in Sources */ = {isa = PBXBuildFile; fileRef = 88F04DCA24391B8400F96427 /* BioMetricAuthenticator.swift */; };
		BF08A64F2355DD2F00CEADD1 /* SettingsViewController.swift in Sources */ = {isa = PBXBuildFile; fileRef = BF08A64E2355DD2F00CEADD1 /* SettingsViewController.swift */; };
		BF08A65223577C9800CEADD1 /* JoystickView.swift in Sources */ = {isa = PBXBuildFile; fileRef = BF08A65123577C9800CEADD1 /* JoystickView.swift */; };
		BF08A65423577CE400CEADD1 /* TLAnalogJoystickComponent.swift in Sources */ = {isa = PBXBuildFile; fileRef = BF08A65323577CE400CEADD1 /* TLAnalogJoystickComponent.swift */; };
		BF08A6562359AFB400CEADD1 /* CircleView.swift in Sources */ = {isa = PBXBuildFile; fileRef = BF08A6552359AFB400CEADD1 /* CircleView.swift */; };
		BF534AF8236C4025007B5F2F /* Api.swift in Sources */ = {isa = PBXBuildFile; fileRef = BF534AF7236C4025007B5F2F /* Api.swift */; };
		BF57E73523686F2700F6D43B /* AutolayoutDSL.swift in Sources */ = {isa = PBXBuildFile; fileRef = BF57E73423686F2700F6D43B /* AutolayoutDSL.swift */; };
		BF763B4223548D3F00D89FAB /* AppDelegate.swift in Sources */ = {isa = PBXBuildFile; fileRef = BF763B4123548D3F00D89FAB /* AppDelegate.swift */; };
		BF763B4423548D3F00D89FAB /* CameraViewController.swift in Sources */ = {isa = PBXBuildFile; fileRef = BF763B4323548D3F00D89FAB /* CameraViewController.swift */; };
		BF763B4723548D3F00D89FAB /* Main.storyboard in Resources */ = {isa = PBXBuildFile; fileRef = BF763B4523548D3F00D89FAB /* Main.storyboard */; };
		BF763B4923548D4100D89FAB /* Assets.xcassets in Resources */ = {isa = PBXBuildFile; fileRef = BF763B4823548D4100D89FAB /* Assets.xcassets */; };
		BF763B4C23548D4100D89FAB /* LaunchScreen.storyboard in Resources */ = {isa = PBXBuildFile; fileRef = BF763B4A23548D4100D89FAB /* LaunchScreen.storyboard */; };
		BF876AA72433AB0A0031FB0A /* AuthViewController.swift in Sources */ = {isa = PBXBuildFile; fileRef = BF876AA62433AB0A0031FB0A /* AuthViewController.swift */; };
		BF998EA52372EEDD00325BD9 /* Extensions.swift in Sources */ = {isa = PBXBuildFile; fileRef = BF998EA42372EEDD00325BD9 /* Extensions.swift */; };
		BF998EA72372EEE700325BD9 /* Arc.swift in Sources */ = {isa = PBXBuildFile; fileRef = BF998EA62372EEE700325BD9 /* Arc.swift */; };
		BF998EA92372EEEE00325BD9 /* ArcSlider.swift in Sources */ = {isa = PBXBuildFile; fileRef = BF998EA82372EEEE00325BD9 /* ArcSlider.swift */; };
		BF998EAB2372EF7A00325BD9 /* ArcLayer.swift in Sources */ = {isa = PBXBuildFile; fileRef = BF998EAA2372EF7A00325BD9 /* ArcLayer.swift */; };
		BF998EAF2372F07E00325BD9 /* TLAnalogJoystickHiddenArea.swift in Sources */ = {isa = PBXBuildFile; fileRef = BF998EAE2372F07E00325BD9 /* TLAnalogJoystickHiddenArea.swift */; };
		BF998EB12372F08700325BD9 /* TLAnalogJoystick.swift in Sources */ = {isa = PBXBuildFile; fileRef = BF998EB02372F08700325BD9 /* TLAnalogJoystick.swift */; };
		BF998EB52372F19800325BD9 /* JoystickScene.swift in Sources */ = {isa = PBXBuildFile; fileRef = BF998EB42372F19800325BD9 /* JoystickScene.swift */; };
		BF998EB92372F4A400325BD9 /* PanelView.swift in Sources */ = {isa = PBXBuildFile; fileRef = BF998EB82372F4A400325BD9 /* PanelView.swift */; };
		BF998EBB2372F4E700325BD9 /* Settings.swift in Sources */ = {isa = PBXBuildFile; fileRef = BF998EBA2372F4E700325BD9 /* Settings.swift */; };
		BF998EBD2372F51200325BD9 /* Settings+Model.swift in Sources */ = {isa = PBXBuildFile; fileRef = BF998EBC2372F51200325BD9 /* Settings+Model.swift */; };
		BF998EBF2372F5D900325BD9 /* Date+stamp.swift in Sources */ = {isa = PBXBuildFile; fileRef = BF998EBE2372F5D900325BD9 /* Date+stamp.swift */; };
		BF998EC12372F5F900325BD9 /* String+removing.swift in Sources */ = {isa = PBXBuildFile; fileRef = BF998EC02372F5F900325BD9 /* String+removing.swift */; };
		BF998EC32372F61A00325BD9 /* LimitValue.swift in Sources */ = {isa = PBXBuildFile; fileRef = BF998EC22372F61A00325BD9 /* LimitValue.swift */; };
		BF9A7F3723E2D9020069273D /* Assets.swift in Sources */ = {isa = PBXBuildFile; fileRef = BF9A7F3523E2D9020069273D /* Assets.swift */; };
		BF9A7F3823E2D9020069273D /* L10n-Constants.swift in Sources */ = {isa = PBXBuildFile; fileRef = BF9A7F3623E2D9020069273D /* L10n-Constants.swift */; };
		BF9A7F4023E2DA560069273D /* Localizable.strings in Resources */ = {isa = PBXBuildFile; fileRef = BF9A7F4223E2DA560069273D /* Localizable.strings */; };
		BF9A7F4E23E45FC60069273D /* LoadingButton.swift in Sources */ = {isa = PBXBuildFile; fileRef = BF9A7F4D23E45FC60069273D /* LoadingButton.swift */; };
		BF9A7F5023E4647D0069273D /* NoConnectionView.swift in Sources */ = {isa = PBXBuildFile; fileRef = BF9A7F4F23E4647D0069273D /* NoConnectionView.swift */; };
		BFA6A88B2394E6D700CBB011 /* LiveImageProvider.swift in Sources */ = {isa = PBXBuildFile; fileRef = BFA6A88A2394E6D700CBB011 /* LiveImageProvider.swift */; };
		BFCB4FB9240900B4004D7F3E /* ModelInterface.swift in Sources */ = {isa = PBXBuildFile; fileRef = BFCB4FB8240900B4004D7F3E /* ModelInterface.swift */; };
		BFCB4FBB240900E3004D7F3E /* Model.swift in Sources */ = {isa = PBXBuildFile; fileRef = BFCB4FBA240900E3004D7F3E /* Model.swift */; };
		BFCB4FC224090280004D7F3E /* LiveImageProvideByDisplayLink.swift in Sources */ = {isa = PBXBuildFile; fileRef = BFCB4FC124090280004D7F3E /* LiveImageProvideByDisplayLink.swift */; };
		BFCB4FC4240902C6004D7F3E /* LiveImageProvideByStream.swift in Sources */ = {isa = PBXBuildFile; fileRef = BFCB4FC3240902C6004D7F3E /* LiveImageProvideByStream.swift */; };
		BFCB4FC6240903BE004D7F3E /* MockModel.swift in Sources */ = {isa = PBXBuildFile; fileRef = BFCB4FC5240903BE004D7F3E /* MockModel.swift */; };
		BFCEECD223CF0EEC007EE8FF /* PopupContainer.swift in Sources */ = {isa = PBXBuildFile; fileRef = BFCEECD123CF0EEC007EE8FF /* PopupContainer.swift */; };
		BFD85E7F23E2C27400B8ED12 /* swiftgen.yml in Resources */ = {isa = PBXBuildFile; fileRef = BFD85E7E23E2C27400B8ED12 /* swiftgen.yml */; };
		BFFBB347237303ED008C1D47 /* NetworkListener.swift in Sources */ = {isa = PBXBuildFile; fileRef = BFFBB346237303ED008C1D47 /* NetworkListener.swift */; };
		BFFBB34923730B6B008C1D47 /* UiViewController+child.swift in Sources */ = {isa = PBXBuildFile; fileRef = BFFBB34823730B6B008C1D47 /* UiViewController+child.swift */; };
		BFFBB34B23749DD1008C1D47 /* UIImage+resize.swift in Sources */ = {isa = PBXBuildFile; fileRef = BFFBB34A23749DD1008C1D47 /* UIImage+resize.swift */; };
/* End PBXBuildFile section */

/* Begin PBXFileReference section */
		3A05330CAE8D42F326FFA6F4 /* Pods-ZodiakCamera.release.xcconfig */ = {isa = PBXFileReference; includeInIndex = 1; lastKnownFileType = text.xcconfig; name = "Pods-ZodiakCamera.release.xcconfig"; path = "Pods/Target Support Files/Pods-ZodiakCamera/Pods-ZodiakCamera.release.xcconfig"; sourceTree = "<group>"; };
		7068A07341DE977E61A05851 /* Pods_ZodiakCamera.framework */ = {isa = PBXFileReference; explicitFileType = wrapper.framework; includeInIndex = 0; path = Pods_ZodiakCamera.framework; sourceTree = BUILT_PRODUCTS_DIR; };
		77D8A1F548E238707E71F5A5 /* Pods-ZodiakCamera.debug.xcconfig */ = {isa = PBXFileReference; includeInIndex = 1; lastKnownFileType = text.xcconfig; name = "Pods-ZodiakCamera.debug.xcconfig"; path = "Pods/Target Support Files/Pods-ZodiakCamera/Pods-ZodiakCamera.debug.xcconfig"; sourceTree = "<group>"; };
		88212AE6244B235D0029F6EA /* PinView.swift */ = {isa = PBXFileReference; lastKnownFileType = sourcecode.swift; path = PinView.swift; sourceTree = "<group>"; };
		88212AE8244B23840029F6EA /* DotView.swift */ = {isa = PBXFileReference; lastKnownFileType = sourcecode.swift; path = DotView.swift; sourceTree = "<group>"; };
		88212AEA244B23A10029F6EA /* NumberView.swift */ = {isa = PBXFileReference; lastKnownFileType = sourcecode.swift; path = NumberView.swift; sourceTree = "<group>"; };
		88212AEC244B23E70029F6EA /* AuthModel.swift */ = {isa = PBXFileReference; lastKnownFileType = sourcecode.swift; path = AuthModel.swift; sourceTree = "<group>"; };
		88212AF2244B25E30029F6EA /* PinStorage.swift */ = {isa = PBXFileReference; lastKnownFileType = sourcecode.swift; path = PinStorage.swift; sourceTree = "<group>"; };
		88C5B4E62451DB37004475C0 /* AppCoordinator.swift */ = {isa = PBXFileReference; lastKnownFileType = sourcecode.swift; path = AppCoordinator.swift; sourceTree = "<group>"; };
		88C5B4E82451DB6B004475C0 /* ControllerFactory.swift */ = {isa = PBXFileReference; lastKnownFileType = sourcecode.swift; path = ControllerFactory.swift; sourceTree = "<group>"; };
		88F04DCA24391B8400F96427 /* BioMetricAuthenticator.swift */ = {isa = PBXFileReference; lastKnownFileType = sourcecode.swift; path = BioMetricAuthenticator.swift; sourceTree = "<group>"; };
		BF08A64E2355DD2F00CEADD1 /* SettingsViewController.swift */ = {isa = PBXFileReference; lastKnownFileType = sourcecode.swift; path = SettingsViewController.swift; sourceTree = "<group>"; };
		BF08A65123577C9800CEADD1 /* JoystickView.swift */ = {isa = PBXFileReference; lastKnownFileType = sourcecode.swift; path = JoystickView.swift; sourceTree = "<group>"; };
		BF08A65323577CE400CEADD1 /* TLAnalogJoystickComponent.swift */ = {isa = PBXFileReference; fileEncoding = 4; lastKnownFileType = sourcecode.swift; path = TLAnalogJoystickComponent.swift; sourceTree = "<group>"; };
		BF08A6552359AFB400CEADD1 /* CircleView.swift */ = {isa = PBXFileReference; lastKnownFileType = sourcecode.swift; path = CircleView.swift; sourceTree = "<group>"; };
		BF534AF7236C4025007B5F2F /* Api.swift */ = {isa = PBXFileReference; lastKnownFileType = sourcecode.swift; path = Api.swift; sourceTree = "<group>"; };
		BF57E73423686F2700F6D43B /* AutolayoutDSL.swift */ = {isa = PBXFileReference; fileEncoding = 4; lastKnownFileType = sourcecode.swift; path = AutolayoutDSL.swift; sourceTree = "<group>"; };
		BF763B3E23548D3F00D89FAB /* ZodiakCamera.app */ = {isa = PBXFileReference; explicitFileType = wrapper.application; includeInIndex = 0; path = ZodiakCamera.app; sourceTree = BUILT_PRODUCTS_DIR; };
		BF763B4123548D3F00D89FAB /* AppDelegate.swift */ = {isa = PBXFileReference; lastKnownFileType = sourcecode.swift; path = AppDelegate.swift; sourceTree = "<group>"; };
		BF763B4323548D3F00D89FAB /* CameraViewController.swift */ = {isa = PBXFileReference; lastKnownFileType = sourcecode.swift; path = CameraViewController.swift; sourceTree = "<group>"; };
		BF763B4823548D4100D89FAB /* Assets.xcassets */ = {isa = PBXFileReference; lastKnownFileType = folder.assetcatalog; path = Assets.xcassets; sourceTree = "<group>"; };
		BF763B4D23548D4100D89FAB /* Info.plist */ = {isa = PBXFileReference; lastKnownFileType = text.plist.xml; path = Info.plist; sourceTree = "<group>"; };
		BF876AA62433AB0A0031FB0A /* AuthViewController.swift */ = {isa = PBXFileReference; lastKnownFileType = sourcecode.swift; path = AuthViewController.swift; sourceTree = "<group>"; };
		BF998EA42372EEDD00325BD9 /* Extensions.swift */ = {isa = PBXFileReference; fileEncoding = 4; lastKnownFileType = sourcecode.swift; path = Extensions.swift; sourceTree = "<group>"; };
		BF998EA62372EEE700325BD9 /* Arc.swift */ = {isa = PBXFileReference; fileEncoding = 4; lastKnownFileType = sourcecode.swift; path = Arc.swift; sourceTree = "<group>"; };
		BF998EA82372EEEE00325BD9 /* ArcSlider.swift */ = {isa = PBXFileReference; fileEncoding = 4; lastKnownFileType = sourcecode.swift; path = ArcSlider.swift; sourceTree = "<group>"; };
		BF998EAA2372EF7A00325BD9 /* ArcLayer.swift */ = {isa = PBXFileReference; fileEncoding = 4; lastKnownFileType = sourcecode.swift; path = ArcLayer.swift; sourceTree = "<group>"; };
		BF998EAE2372F07E00325BD9 /* TLAnalogJoystickHiddenArea.swift */ = {isa = PBXFileReference; fileEncoding = 4; lastKnownFileType = sourcecode.swift; path = TLAnalogJoystickHiddenArea.swift; sourceTree = "<group>"; };
		BF998EB02372F08700325BD9 /* TLAnalogJoystick.swift */ = {isa = PBXFileReference; fileEncoding = 4; lastKnownFileType = sourcecode.swift; path = TLAnalogJoystick.swift; sourceTree = "<group>"; };
		BF998EB42372F19800325BD9 /* JoystickScene.swift */ = {isa = PBXFileReference; fileEncoding = 4; lastKnownFileType = sourcecode.swift; path = JoystickScene.swift; sourceTree = "<group>"; };
		BF998EB82372F4A400325BD9 /* PanelView.swift */ = {isa = PBXFileReference; lastKnownFileType = sourcecode.swift; path = PanelView.swift; sourceTree = "<group>"; };
		BF998EBA2372F4E700325BD9 /* Settings.swift */ = {isa = PBXFileReference; lastKnownFileType = sourcecode.swift; path = Settings.swift; sourceTree = "<group>"; };
		BF998EBC2372F51200325BD9 /* Settings+Model.swift */ = {isa = PBXFileReference; lastKnownFileType = sourcecode.swift; path = "Settings+Model.swift"; sourceTree = "<group>"; };
		BF998EBE2372F5D900325BD9 /* Date+stamp.swift */ = {isa = PBXFileReference; lastKnownFileType = sourcecode.swift; path = "Date+stamp.swift"; sourceTree = "<group>"; };
		BF998EC02372F5F900325BD9 /* String+removing.swift */ = {isa = PBXFileReference; fileEncoding = 4; lastKnownFileType = sourcecode.swift; path = "String+removing.swift"; sourceTree = "<group>"; };
		BF998EC22372F61A00325BD9 /* LimitValue.swift */ = {isa = PBXFileReference; fileEncoding = 4; lastKnownFileType = sourcecode.swift; path = LimitValue.swift; sourceTree = "<group>"; };
		BF9A7F2B23E2D5FC0069273D /* ru */ = {isa = PBXFileReference; lastKnownFileType = file.storyboard; name = ru; path = ru.lproj/LaunchScreen.storyboard; sourceTree = "<group>"; };
		BF9A7F2C23E2D5FC0069273D /* ru */ = {isa = PBXFileReference; lastKnownFileType = file.storyboard; name = ru; path = ru.lproj/Main.storyboard; sourceTree = "<group>"; };
		BF9A7F3523E2D9020069273D /* Assets.swift */ = {isa = PBXFileReference; fileEncoding = 4; lastKnownFileType = sourcecode.swift; path = Assets.swift; sourceTree = "<group>"; };
		BF9A7F3623E2D9020069273D /* L10n-Constants.swift */ = {isa = PBXFileReference; fileEncoding = 4; lastKnownFileType = sourcecode.swift; path = "L10n-Constants.swift"; sourceTree = "<group>"; };
		BF9A7F4323E2DA970069273D /* en */ = {isa = PBXFileReference; lastKnownFileType = text.plist.strings; name = en; path = en.lproj/Localizable.strings; sourceTree = "<group>"; };
		BF9A7F4423E2DCA10069273D /* Base */ = {isa = PBXFileReference; lastKnownFileType = file.storyboard; name = Base; path = Base.lproj/LaunchScreen.storyboard; sourceTree = "<group>"; };
		BF9A7F4523E2DCA10069273D /* Base */ = {isa = PBXFileReference; lastKnownFileType = file.storyboard; name = Base; path = Base.lproj/Main.storyboard; sourceTree = "<group>"; };
		BF9A7F4A23E2DCE30069273D /* en */ = {isa = PBXFileReference; lastKnownFileType = file.storyboard; name = en; path = en.lproj/LaunchScreen.storyboard; sourceTree = "<group>"; };
		BF9A7F4B23E2DCE90069273D /* en */ = {isa = PBXFileReference; lastKnownFileType = file.storyboard; name = en; path = en.lproj/Main.storyboard; sourceTree = "<group>"; };
		BF9A7F4C23E2E0F30069273D /* ru */ = {isa = PBXFileReference; lastKnownFileType = text.plist.strings; name = ru; path = ru.lproj/Localizable.strings; sourceTree = "<group>"; };
		BF9A7F4D23E45FC60069273D /* LoadingButton.swift */ = {isa = PBXFileReference; fileEncoding = 4; lastKnownFileType = sourcecode.swift; path = LoadingButton.swift; sourceTree = "<group>"; };
		BF9A7F4F23E4647D0069273D /* NoConnectionView.swift */ = {isa = PBXFileReference; lastKnownFileType = sourcecode.swift; path = NoConnectionView.swift; sourceTree = "<group>"; };
		BFA6A88A2394E6D700CBB011 /* LiveImageProvider.swift */ = {isa = PBXFileReference; lastKnownFileType = sourcecode.swift; path = LiveImageProvider.swift; sourceTree = "<group>"; };
		BFCB4FB8240900B4004D7F3E /* ModelInterface.swift */ = {isa = PBXFileReference; lastKnownFileType = sourcecode.swift; path = ModelInterface.swift; sourceTree = "<group>"; };
		BFCB4FBA240900E3004D7F3E /* Model.swift */ = {isa = PBXFileReference; lastKnownFileType = sourcecode.swift; path = Model.swift; sourceTree = "<group>"; };
		BFCB4FC124090280004D7F3E /* LiveImageProvideByDisplayLink.swift */ = {isa = PBXFileReference; fileEncoding = 4; lastKnownFileType = sourcecode.swift; path = LiveImageProvideByDisplayLink.swift; sourceTree = "<group>"; };
		BFCB4FC3240902C6004D7F3E /* LiveImageProvideByStream.swift */ = {isa = PBXFileReference; fileEncoding = 4; lastKnownFileType = sourcecode.swift; path = LiveImageProvideByStream.swift; sourceTree = "<group>"; };
		BFCB4FC5240903BE004D7F3E /* MockModel.swift */ = {isa = PBXFileReference; lastKnownFileType = sourcecode.swift; path = MockModel.swift; sourceTree = "<group>"; };
		BFCEECD123CF0EEC007EE8FF /* PopupContainer.swift */ = {isa = PBXFileReference; lastKnownFileType = sourcecode.swift; path = PopupContainer.swift; sourceTree = "<group>"; };
		BFD85E7E23E2C27400B8ED12 /* swiftgen.yml */ = {isa = PBXFileReference; lastKnownFileType = text.yaml; path = swiftgen.yml; sourceTree = "<group>"; };
		BFFBB346237303ED008C1D47 /* NetworkListener.swift */ = {isa = PBXFileReference; fileEncoding = 4; lastKnownFileType = sourcecode.swift; path = NetworkListener.swift; sourceTree = "<group>"; };
		BFFBB34823730B6B008C1D47 /* UiViewController+child.swift */ = {isa = PBXFileReference; fileEncoding = 4; lastKnownFileType = sourcecode.swift; path = "UiViewController+child.swift"; sourceTree = "<group>"; };
		BFFBB34A23749DD1008C1D47 /* UIImage+resize.swift */ = {isa = PBXFileReference; fileEncoding = 4; lastKnownFileType = sourcecode.swift; path = "UIImage+resize.swift"; sourceTree = "<group>"; };
/* End PBXFileReference section */

/* Begin PBXFrameworksBuildPhase section */
		BF763B3B23548D3F00D89FAB /* Frameworks */ = {
			isa = PBXFrameworksBuildPhase;
			buildActionMask = 2147483647;
			files = (
				424B46A0A7D4A890E9EE5FDA /* Pods_ZodiakCamera.framework in Frameworks */,
			);
			runOnlyForDeploymentPostprocessing = 0;
		};
/* End PBXFrameworksBuildPhase section */

/* Begin PBXGroup section */
		037CC314FD8C0DBD2AB34F83 /* Frameworks */ = {
			isa = PBXGroup;
			children = (
				7068A07341DE977E61A05851 /* Pods_ZodiakCamera.framework */,
			);
			name = Frameworks;
			sourceTree = "<group>";
		};
		0E62AEBF8958DC32FA0BD410 /* Pods */ = {
			isa = PBXGroup;
			children = (
				77D8A1F548E238707E71F5A5 /* Pods-ZodiakCamera.debug.xcconfig */,
				3A05330CAE8D42F326FFA6F4 /* Pods-ZodiakCamera.release.xcconfig */,
			);
			name = Pods;
			sourceTree = "<group>";
		};
		88212AE5244B232A0029F6EA /* AuthScene */ = {
			isa = PBXGroup;
			children = (
				88212AEC244B23E70029F6EA /* AuthModel.swift */,
				BF876AA62433AB0A0031FB0A /* AuthViewController.swift */,
				88212AE6244B235D0029F6EA /* PinView.swift */,
				88212AE8244B23840029F6EA /* DotView.swift */,
				88212AEA244B23A10029F6EA /* NumberView.swift */,
				88212AF2244B25E30029F6EA /* PinStorage.swift */,
				88F04DCA24391B8400F96427 /* BioMetricAuthenticator.swift */,
			);
			path = AuthScene;
			sourceTree = "<group>";
		};
		BF763B3523548D3F00D89FAB = {
			isa = PBXGroup;
			children = (
				BF763B4023548D3F00D89FAB /* ZodiakCamera */,
				BF763B3F23548D3F00D89FAB /* Products */,
				0E62AEBF8958DC32FA0BD410 /* Pods */,
				037CC314FD8C0DBD2AB34F83 /* Frameworks */,
			);
			sourceTree = "<group>";
		};
		BF763B3F23548D3F00D89FAB /* Products */ = {
			isa = PBXGroup;
			children = (
				BF763B3E23548D3F00D89FAB /* ZodiakCamera.app */,
			);
			name = Products;
			sourceTree = "<group>";
		};
		BF763B4023548D3F00D89FAB /* ZodiakCamera */ = {
			isa = PBXGroup;
			children = (
				BF998EB72372F26200325BD9 /* CameraScene */,
				BF998EB62372F1ED00325BD9 /* SettingsScene */,
				88212AE5244B232A0029F6EA /* AuthScene */,
				BFCEECD123CF0EEC007EE8FF /* PopupContainer.swift */,
				BF763B4123548D3F00D89FAB /* AppDelegate.swift */,
				BFFBB34823730B6B008C1D47 /* UiViewController+child.swift */,
				BFFBB346237303ED008C1D47 /* NetworkListener.swift */,
				BF57E73423686F2700F6D43B /* AutolayoutDSL.swift */,
				88C5B4E62451DB37004475C0 /* AppCoordinator.swift */,
				88C5B4E82451DB6B004475C0 /* ControllerFactory.swift */,
				BFD85E8023E2C57600B8ED12 /* Resources */,
				BF763B4D23548D4100D89FAB /* Info.plist */,
				BFD85E7E23E2C27400B8ED12 /* swiftgen.yml */,
			);
			path = ZodiakCamera;
			sourceTree = "<group>";
		};
		BF998EA02372EE2500325BD9 /* Models */ = {
			isa = PBXGroup;
			children = (
				BF534AF7236C4025007B5F2F /* Api.swift */,
				BF998EBC2372F51200325BD9 /* Settings+Model.swift */,
				BF998EBA2372F4E700325BD9 /* Settings.swift */,
				BF998EC22372F61A00325BD9 /* LimitValue.swift */,
				BFA6A88A2394E6D700CBB011 /* LiveImageProvider.swift */,
				BFCB4FC124090280004D7F3E /* LiveImageProvideByDisplayLink.swift */,
				BFCB4FC3240902C6004D7F3E /* LiveImageProvideByStream.swift */,
				BFCB4FB8240900B4004D7F3E /* ModelInterface.swift */,
				BFCB4FBA240900E3004D7F3E /* Model.swift */,
				BFCB4FC5240903BE004D7F3E /* MockModel.swift */,
			);
			path = Models;
			sourceTree = "<group>";
		};
		BF998EA32372EEC500325BD9 /* ArcSlider */ = {
			isa = PBXGroup;
			children = (
				BF08A6552359AFB400CEADD1 /* CircleView.swift */,
				BF998EA42372EEDD00325BD9 /* Extensions.swift */,
				BF998EA62372EEE700325BD9 /* Arc.swift */,
				BF998EA82372EEEE00325BD9 /* ArcSlider.swift */,
				BF998EAA2372EF7A00325BD9 /* ArcLayer.swift */,
			);
			path = ArcSlider;
			sourceTree = "<group>";
		};
		BF998EAC2372F04300325BD9 /* Views */ = {
			isa = PBXGroup;
			children = (
				BF998EAD2372F06E00325BD9 /* Joystick */,
				BF998EA32372EEC500325BD9 /* ArcSlider */,
				BF998EB82372F4A400325BD9 /* PanelView.swift */,
				BF9A7F4F23E4647D0069273D /* NoConnectionView.swift */,
				BF9A7F4D23E45FC60069273D /* LoadingButton.swift */,
			);
			path = Views;
			sourceTree = "<group>";
		};
		BF998EAD2372F06E00325BD9 /* Joystick */ = {
			isa = PBXGroup;
			children = (
				BF08A65123577C9800CEADD1 /* JoystickView.swift */,
				BF998EB42372F19800325BD9 /* JoystickScene.swift */,
				BF08A65323577CE400CEADD1 /* TLAnalogJoystickComponent.swift */,
				BF998EAE2372F07E00325BD9 /* TLAnalogJoystickHiddenArea.swift */,
				BF998EB02372F08700325BD9 /* TLAnalogJoystick.swift */,
			);
			path = Joystick;
			sourceTree = "<group>";
		};
		BF998EB62372F1ED00325BD9 /* SettingsScene */ = {
			isa = PBXGroup;
			children = (
				BF08A64E2355DD2F00CEADD1 /* SettingsViewController.swift */,
			);
			path = SettingsScene;
			sourceTree = "<group>";
		};
		BF998EB72372F26200325BD9 /* CameraScene */ = {
			isa = PBXGroup;
			children = (
				BF998EA02372EE2500325BD9 /* Models */,
				BF998EAC2372F04300325BD9 /* Views */,
				BFCB4FBC24090148004D7F3E /* Extensions */,
				BF763B4323548D3F00D89FAB /* CameraViewController.swift */,
			);
			path = CameraScene;
			sourceTree = "<group>";
		};
		BFCB4FBC24090148004D7F3E /* Extensions */ = {
			isa = PBXGroup;
			children = (
				BF998EBE2372F5D900325BD9 /* Date+stamp.swift */,
				BF998EC02372F5F900325BD9 /* String+removing.swift */,
				BFFBB34A23749DD1008C1D47 /* UIImage+resize.swift */,
			);
			path = Extensions;
			sourceTree = "<group>";
		};
		BFD85E8023E2C57600B8ED12 /* Resources */ = {
			isa = PBXGroup;
			children = (
				BF9A7F3523E2D9020069273D /* Assets.swift */,
				BF9A7F3623E2D9020069273D /* L10n-Constants.swift */,
				BF763B4823548D4100D89FAB /* Assets.xcassets */,
				BF763B4A23548D4100D89FAB /* LaunchScreen.storyboard */,
				BF763B4523548D3F00D89FAB /* Main.storyboard */,
				BF9A7F4223E2DA560069273D /* Localizable.strings */,
			);
			path = Resources;
			sourceTree = "<group>";
		};
/* End PBXGroup section */

/* Begin PBXNativeTarget section */
		BF763B3D23548D3F00D89FAB /* ZodiakCamera */ = {
			isa = PBXNativeTarget;
			buildConfigurationList = BF763B5023548D4100D89FAB /* Build configuration list for PBXNativeTarget "ZodiakCamera" */;
			buildPhases = (
				A1FBAC9435D13EF142612310 /* [CP] Check Pods Manifest.lock */,
				BF763B3A23548D3F00D89FAB /* Sources */,
				BF763B3B23548D3F00D89FAB /* Frameworks */,
				BF763B3C23548D3F00D89FAB /* Resources */,
				D47D20838794490657E04558 /* [CP] Embed Pods Frameworks */,
			);
			buildRules = (
			);
			dependencies = (
			);
			name = ZodiakCamera;
			productName = ZodiakCamera;
			productReference = BF763B3E23548D3F00D89FAB /* ZodiakCamera.app */;
			productType = "com.apple.product-type.application";
		};
/* End PBXNativeTarget section */

/* Begin PBXProject section */
		BF763B3623548D3F00D89FAB /* Project object */ = {
			isa = PBXProject;
			attributes = {
				LastSwiftUpdateCheck = 1020;
				LastUpgradeCheck = 1020;
				ORGANIZATIONNAME = gulnaz;
				TargetAttributes = {
					BF763B3D23548D3F00D89FAB = {
						CreatedOnToolsVersion = 10.2.1;
					};
				};
			};
			buildConfigurationList = BF763B3923548D3F00D89FAB /* Build configuration list for PBXProject "ZodiakCamera" */;
			compatibilityVersion = "Xcode 9.3";
			developmentRegion = en;
			hasScannedForEncodings = 0;
			knownRegions = (
				en,
				ru,
				Base,
			);
			mainGroup = BF763B3523548D3F00D89FAB;
			productRefGroup = BF763B3F23548D3F00D89FAB /* Products */;
			projectDirPath = "";
			projectRoot = "";
			targets = (
				BF763B3D23548D3F00D89FAB /* ZodiakCamera */,
			);
		};
/* End PBXProject section */

/* Begin PBXResourcesBuildPhase section */
		BF763B3C23548D3F00D89FAB /* Resources */ = {
			isa = PBXResourcesBuildPhase;
			buildActionMask = 2147483647;
			files = (
				BF763B4C23548D4100D89FAB /* LaunchScreen.storyboard in Resources */,
				BF763B4923548D4100D89FAB /* Assets.xcassets in Resources */,
				BF9A7F4023E2DA560069273D /* Localizable.strings in Resources */,
				BF763B4723548D3F00D89FAB /* Main.storyboard in Resources */,
				BFD85E7F23E2C27400B8ED12 /* swiftgen.yml in Resources */,
			);
			runOnlyForDeploymentPostprocessing = 0;
		};
/* End PBXResourcesBuildPhase section */

/* Begin PBXShellScriptBuildPhase section */
		A1FBAC9435D13EF142612310 /* [CP] Check Pods Manifest.lock */ = {
			isa = PBXShellScriptBuildPhase;
			buildActionMask = 2147483647;
			files = (
			);
			inputFileListPaths = (
			);
			inputPaths = (
				"${PODS_PODFILE_DIR_PATH}/Podfile.lock",
				"${PODS_ROOT}/Manifest.lock",
			);
			name = "[CP] Check Pods Manifest.lock";
			outputFileListPaths = (
			);
			outputPaths = (
				"$(DERIVED_FILE_DIR)/Pods-ZodiakCamera-checkManifestLockResult.txt",
			);
			runOnlyForDeploymentPostprocessing = 0;
			shellPath = /bin/sh;
			shellScript = "diff \"${PODS_PODFILE_DIR_PATH}/Podfile.lock\" \"${PODS_ROOT}/Manifest.lock\" > /dev/null\nif [ $? != 0 ] ; then\n    # print error to STDERR\n    echo \"error: The sandbox is not in sync with the Podfile.lock. Run 'pod install' or update your CocoaPods installation.\" >&2\n    exit 1\nfi\n# This output is used by Xcode 'outputs' to avoid re-running this script phase.\necho \"SUCCESS\" > \"${SCRIPT_OUTPUT_FILE_0}\"\n";
			showEnvVarsInLog = 0;
		};
		D47D20838794490657E04558 /* [CP] Embed Pods Frameworks */ = {
			isa = PBXShellScriptBuildPhase;
			buildActionMask = 2147483647;
			files = (
			);
			inputFileListPaths = (
				"${PODS_ROOT}/Target Support Files/Pods-ZodiakCamera/Pods-ZodiakCamera-frameworks-${CONFIGURATION}-input-files.xcfilelist",
			);
			name = "[CP] Embed Pods Frameworks";
			outputFileListPaths = (
				"${PODS_ROOT}/Target Support Files/Pods-ZodiakCamera/Pods-ZodiakCamera-frameworks-${CONFIGURATION}-output-files.xcfilelist",
			);
			runOnlyForDeploymentPostprocessing = 0;
			shellPath = /bin/sh;
			shellScript = "\"${PODS_ROOT}/Target Support Files/Pods-ZodiakCamera/Pods-ZodiakCamera-frameworks.sh\"\n";
			showEnvVarsInLog = 0;
		};
/* End PBXShellScriptBuildPhase section */

/* Begin PBXSourcesBuildPhase section */
		BF763B3A23548D3F00D89FAB /* Sources */ = {
			isa = PBXSourcesBuildPhase;
			buildActionMask = 2147483647;
			files = (
				BF998EC12372F5F900325BD9 /* String+removing.swift in Sources */,
				BFCB4FBB240900E3004D7F3E /* Model.swift in Sources */,
				BF998EAB2372EF7A00325BD9 /* ArcLayer.swift in Sources */,
				BFFBB34923730B6B008C1D47 /* UiViewController+child.swift in Sources */,
				BFA6A88B2394E6D700CBB011 /* LiveImageProvider.swift in Sources */,
				88C5B4E72451DB37004475C0 /* AppCoordinator.swift in Sources */,
				88F04DCB24391B8400F96427 /* BioMetricAuthenticator.swift in Sources */,
				BF998EB92372F4A400325BD9 /* PanelView.swift in Sources */,
				BF534AF8236C4025007B5F2F /* Api.swift in Sources */,
				88C5B4E92451DB6B004475C0 /* ControllerFactory.swift in Sources */,
				BF998EBF2372F5D900325BD9 /* Date+stamp.swift in Sources */,
				88212AF3244B25E30029F6EA /* PinStorage.swift in Sources */,
				BFCEECD223CF0EEC007EE8FF /* PopupContainer.swift in Sources */,
				88212AED244B23E70029F6EA /* AuthModel.swift in Sources */,
				BFCB4FC6240903BE004D7F3E /* MockModel.swift in Sources */,
				88212AE9244B23840029F6EA /* DotView.swift in Sources */,
				BF998EB52372F19800325BD9 /* JoystickScene.swift in Sources */,
				BF9A7F3823E2D9020069273D /* L10n-Constants.swift in Sources */,
				BF08A65223577C9800CEADD1 /* JoystickView.swift in Sources */,
				BF9A7F3723E2D9020069273D /* Assets.swift in Sources */,
				BF998EBB2372F4E700325BD9 /* Settings.swift in Sources */,
				BF763B4423548D3F00D89FAB /* CameraViewController.swift in Sources */,
				88212AE7244B235D0029F6EA /* PinView.swift in Sources */,
				BF876AA72433AB0A0031FB0A /* AuthViewController.swift in Sources */,
				BF763B4223548D3F00D89FAB /* AppDelegate.swift in Sources */,
				BF57E73523686F2700F6D43B /* AutolayoutDSL.swift in Sources */,
				BF998EA92372EEEE00325BD9 /* ArcSlider.swift in Sources */,
				88212AEB244B23A10029F6EA /* NumberView.swift in Sources */,
				BFFBB34B23749DD1008C1D47 /* UIImage+resize.swift in Sources */,
				BF998EBD2372F51200325BD9 /* Settings+Model.swift in Sources */,
				BF998EA52372EEDD00325BD9 /* Extensions.swift in Sources */,
				BF08A65423577CE400CEADD1 /* TLAnalogJoystickComponent.swift in Sources */,
				BFCB4FC4240902C6004D7F3E /* LiveImageProvideByStream.swift in Sources */,
				BF998EAF2372F07E00325BD9 /* TLAnalogJoystickHiddenArea.swift in Sources */,
				BFCB4FC224090280004D7F3E /* LiveImageProvideByDisplayLink.swift in Sources */,
				BFCB4FB9240900B4004D7F3E /* ModelInterface.swift in Sources */,
				BF998EA72372EEE700325BD9 /* Arc.swift in Sources */,
				BF9A7F5023E4647D0069273D /* NoConnectionView.swift in Sources */,
				BF998EB12372F08700325BD9 /* TLAnalogJoystick.swift in Sources */,
				BF08A64F2355DD2F00CEADD1 /* SettingsViewController.swift in Sources */,
				BF08A6562359AFB400CEADD1 /* CircleView.swift in Sources */,
				BF9A7F4E23E45FC60069273D /* LoadingButton.swift in Sources */,
				BFFBB347237303ED008C1D47 /* NetworkListener.swift in Sources */,
				BF998EC32372F61A00325BD9 /* LimitValue.swift in Sources */,
			);
			runOnlyForDeploymentPostprocessing = 0;
		};
/* End PBXSourcesBuildPhase section */

/* Begin PBXVariantGroup section */
		BF763B4523548D3F00D89FAB /* Main.storyboard */ = {
			isa = PBXVariantGroup;
			children = (
				BF9A7F2C23E2D5FC0069273D /* ru */,
				BF9A7F4523E2DCA10069273D /* Base */,
				BF9A7F4B23E2DCE90069273D /* en */,
			);
			name = Main.storyboard;
			sourceTree = "<group>";
		};
		BF763B4A23548D4100D89FAB /* LaunchScreen.storyboard */ = {
			isa = PBXVariantGroup;
			children = (
				BF9A7F2B23E2D5FC0069273D /* ru */,
				BF9A7F4423E2DCA10069273D /* Base */,
				BF9A7F4A23E2DCE30069273D /* en */,
			);
			name = LaunchScreen.storyboard;
			sourceTree = "<group>";
		};
		BF9A7F4223E2DA560069273D /* Localizable.strings */ = {
			isa = PBXVariantGroup;
			children = (
				BF9A7F4323E2DA970069273D /* en */,
				BF9A7F4C23E2E0F30069273D /* ru */,
			);
			name = Localizable.strings;
			sourceTree = "<group>";
		};
/* End PBXVariantGroup section */

/* Begin XCBuildConfiguration section */
		BF763B4E23548D4100D89FAB /* Debug */ = {
			isa = XCBuildConfiguration;
			buildSettings = {
				ALWAYS_SEARCH_USER_PATHS = NO;
				CLANG_ANALYZER_LOCALIZABILITY_NONLOCALIZED = YES;
				CLANG_ANALYZER_NONNULL = YES;
				CLANG_ANALYZER_NUMBER_OBJECT_CONVERSION = YES_AGGRESSIVE;
				CLANG_CXX_LANGUAGE_STANDARD = "gnu++14";
				CLANG_CXX_LIBRARY = "libc++";
				CLANG_ENABLE_MODULES = YES;
				CLANG_ENABLE_OBJC_ARC = YES;
				CLANG_ENABLE_OBJC_WEAK = YES;
				CLANG_WARN_BLOCK_CAPTURE_AUTORELEASING = YES;
				CLANG_WARN_BOOL_CONVERSION = YES;
				CLANG_WARN_COMMA = YES;
				CLANG_WARN_CONSTANT_CONVERSION = YES;
				CLANG_WARN_DEPRECATED_OBJC_IMPLEMENTATIONS = YES;
				CLANG_WARN_DIRECT_OBJC_ISA_USAGE = YES_ERROR;
				CLANG_WARN_DOCUMENTATION_COMMENTS = YES;
				CLANG_WARN_EMPTY_BODY = YES;
				CLANG_WARN_ENUM_CONVERSION = YES;
				CLANG_WARN_INFINITE_RECURSION = YES;
				CLANG_WARN_INT_CONVERSION = YES;
				CLANG_WARN_NON_LITERAL_NULL_CONVERSION = YES;
				CLANG_WARN_OBJC_IMPLICIT_RETAIN_SELF = YES;
				CLANG_WARN_OBJC_LITERAL_CONVERSION = YES;
				CLANG_WARN_OBJC_ROOT_CLASS = YES_ERROR;
				CLANG_WARN_RANGE_LOOP_ANALYSIS = YES;
				CLANG_WARN_STRICT_PROTOTYPES = YES;
				CLANG_WARN_SUSPICIOUS_MOVE = YES;
				CLANG_WARN_UNGUARDED_AVAILABILITY = YES_AGGRESSIVE;
				CLANG_WARN_UNREACHABLE_CODE = YES;
				CLANG_WARN__DUPLICATE_METHOD_MATCH = YES;
				CODE_SIGN_IDENTITY = "iPhone Developer";
				COPY_PHASE_STRIP = NO;
				DEBUG_INFORMATION_FORMAT = dwarf;
				ENABLE_STRICT_OBJC_MSGSEND = YES;
				ENABLE_TESTABILITY = YES;
				GCC_C_LANGUAGE_STANDARD = gnu11;
				GCC_DYNAMIC_NO_PIC = NO;
				GCC_NO_COMMON_BLOCKS = YES;
				GCC_OPTIMIZATION_LEVEL = 0;
				GCC_PREPROCESSOR_DEFINITIONS = (
					"DEBUG=1",
					"$(inherited)",
				);
				GCC_WARN_64_TO_32_BIT_CONVERSION = YES;
				GCC_WARN_ABOUT_RETURN_TYPE = YES_ERROR;
				GCC_WARN_UNDECLARED_SELECTOR = YES;
				GCC_WARN_UNINITIALIZED_AUTOS = YES_AGGRESSIVE;
				GCC_WARN_UNUSED_FUNCTION = YES;
				GCC_WARN_UNUSED_VARIABLE = YES;
				IPHONEOS_DEPLOYMENT_TARGET = 13.0;
				MTL_ENABLE_DEBUG_INFO = INCLUDE_SOURCE;
				MTL_FAST_MATH = YES;
				ONLY_ACTIVE_ARCH = YES;
				SDKROOT = iphoneos;
				SWIFT_ACTIVE_COMPILATION_CONDITIONS = DEBUG;
				SWIFT_OPTIMIZATION_LEVEL = "-Onone";
			};
			name = Debug;
		};
		BF763B4F23548D4100D89FAB /* Release */ = {
			isa = XCBuildConfiguration;
			buildSettings = {
				ALWAYS_SEARCH_USER_PATHS = NO;
				CLANG_ANALYZER_LOCALIZABILITY_NONLOCALIZED = YES;
				CLANG_ANALYZER_NONNULL = YES;
				CLANG_ANALYZER_NUMBER_OBJECT_CONVERSION = YES_AGGRESSIVE;
				CLANG_CXX_LANGUAGE_STANDARD = "gnu++14";
				CLANG_CXX_LIBRARY = "libc++";
				CLANG_ENABLE_MODULES = YES;
				CLANG_ENABLE_OBJC_ARC = YES;
				CLANG_ENABLE_OBJC_WEAK = YES;
				CLANG_WARN_BLOCK_CAPTURE_AUTORELEASING = YES;
				CLANG_WARN_BOOL_CONVERSION = YES;
				CLANG_WARN_COMMA = YES;
				CLANG_WARN_CONSTANT_CONVERSION = YES;
				CLANG_WARN_DEPRECATED_OBJC_IMPLEMENTATIONS = YES;
				CLANG_WARN_DIRECT_OBJC_ISA_USAGE = YES_ERROR;
				CLANG_WARN_DOCUMENTATION_COMMENTS = YES;
				CLANG_WARN_EMPTY_BODY = YES;
				CLANG_WARN_ENUM_CONVERSION = YES;
				CLANG_WARN_INFINITE_RECURSION = YES;
				CLANG_WARN_INT_CONVERSION = YES;
				CLANG_WARN_NON_LITERAL_NULL_CONVERSION = YES;
				CLANG_WARN_OBJC_IMPLICIT_RETAIN_SELF = YES;
				CLANG_WARN_OBJC_LITERAL_CONVERSION = YES;
				CLANG_WARN_OBJC_ROOT_CLASS = YES_ERROR;
				CLANG_WARN_RANGE_LOOP_ANALYSIS = YES;
				CLANG_WARN_STRICT_PROTOTYPES = YES;
				CLANG_WARN_SUSPICIOUS_MOVE = YES;
				CLANG_WARN_UNGUARDED_AVAILABILITY = YES_AGGRESSIVE;
				CLANG_WARN_UNREACHABLE_CODE = YES;
				CLANG_WARN__DUPLICATE_METHOD_MATCH = YES;
				CODE_SIGN_IDENTITY = "iPhone Developer";
				COPY_PHASE_STRIP = NO;
				DEBUG_INFORMATION_FORMAT = "dwarf-with-dsym";
				ENABLE_NS_ASSERTIONS = NO;
				ENABLE_STRICT_OBJC_MSGSEND = YES;
				GCC_C_LANGUAGE_STANDARD = gnu11;
				GCC_NO_COMMON_BLOCKS = YES;
				GCC_WARN_64_TO_32_BIT_CONVERSION = YES;
				GCC_WARN_ABOUT_RETURN_TYPE = YES_ERROR;
				GCC_WARN_UNDECLARED_SELECTOR = YES;
				GCC_WARN_UNINITIALIZED_AUTOS = YES_AGGRESSIVE;
				GCC_WARN_UNUSED_FUNCTION = YES;
				GCC_WARN_UNUSED_VARIABLE = YES;
				IPHONEOS_DEPLOYMENT_TARGET = 13.0;
				MTL_ENABLE_DEBUG_INFO = NO;
				MTL_FAST_MATH = YES;
				SDKROOT = iphoneos;
				SWIFT_COMPILATION_MODE = wholemodule;
				SWIFT_OPTIMIZATION_LEVEL = "-O";
				VALIDATE_PRODUCT = YES;
			};
			name = Release;
		};
		BF763B5123548D4100D89FAB /* Debug */ = {
			isa = XCBuildConfiguration;
			baseConfigurationReference = 77D8A1F548E238707E71F5A5 /* Pods-ZodiakCamera.debug.xcconfig */;
			buildSettings = {
				ASSETCATALOG_COMPILER_APPICON_NAME = AppIcon;
				CODE_SIGN_STYLE = Automatic;
				DEVELOPMENT_TEAM = 5BEQK45V59;
				INFOPLIST_FILE = ZodiakCamera/Info.plist;
				LD_RUNPATH_SEARCH_PATHS = (
					"$(inherited)",
					"@executable_path/Frameworks",
				);
				PRODUCT_BUNDLE_IDENTIFIER = gulnaz.ZodiakCamera;
				PRODUCT_NAME = "$(TARGET_NAME)";
				SWIFT_VERSION = 5.0;
				TARGETED_DEVICE_FAMILY = "1,2";
			};
			name = Debug;
		};
		BF763B5223548D4100D89FAB /* Release */ = {
			isa = XCBuildConfiguration;
			baseConfigurationReference = 3A05330CAE8D42F326FFA6F4 /* Pods-ZodiakCamera.release.xcconfig */;
			buildSettings = {
				ASSETCATALOG_COMPILER_APPICON_NAME = AppIcon;
				CODE_SIGN_STYLE = Automatic;
				DEVELOPMENT_TEAM = 5BEQK45V59;
				INFOPLIST_FILE = ZodiakCamera/Info.plist;
				LD_RUNPATH_SEARCH_PATHS = (
					"$(inherited)",
					"@executable_path/Frameworks",
				);
				PRODUCT_BUNDLE_IDENTIFIER = gulnaz.ZodiakCamera;
				PRODUCT_NAME = "$(TARGET_NAME)";
				SWIFT_VERSION = 5.0;
				TARGETED_DEVICE_FAMILY = "1,2";
			};
			name = Release;
		};
/* End XCBuildConfiguration section */

/* Begin XCConfigurationList section */
		BF763B3923548D3F00D89FAB /* Build configuration list for PBXProject "ZodiakCamera" */ = {
			isa = XCConfigurationList;
			buildConfigurations = (
				BF763B4E23548D4100D89FAB /* Debug */,
				BF763B4F23548D4100D89FAB /* Release */,
			);
			defaultConfigurationIsVisible = 0;
			defaultConfigurationName = Release;
		};
		BF763B5023548D4100D89FAB /* Build configuration list for PBXNativeTarget "ZodiakCamera" */ = {
			isa = XCConfigurationList;
			buildConfigurations = (
				BF763B5123548D4100D89FAB /* Debug */,
				BF763B5223548D4100D89FAB /* Release */,
			);
			defaultConfigurationIsVisible = 0;
			defaultConfigurationName = Release;
		};
/* End XCConfigurationList section */
	};
	rootObject = BF763B3623548D3F00D89FAB /* Project object */;
}
